
Microsoft Visual Studio Solution File, Format Version 12.00
# Visual Studio 15
VisualStudioVersion = 15.0.28010.2036
MinimumVisualStudioVersion = 10.0.40219.1
Project("{FAE04EC0-301F-11D3-BF4B-00C04F79EFBC}") = "NL.IC.Generator.Core", "NL.IC.Generator.Core\NL.IC.Generator.Core.csproj", "{D2F64ACD-1FA7-459E-B868-BFE6CE3FCB18}"
EndProject
Project("{FAE04EC0-301F-11D3-BF4B-00C04F79EFBC}") = "NL.IC.Console", "NL.IC.Console\NL.IC.Console.csproj", "{87111EF8-0C85-43BA-BF15-A125D08E6FA9}"
EndProject
Global
	GlobalSection(SolutionConfigurationPlatforms) = preSolution
		Debug|Any CPU = Debug|Any CPU
		Debug|x86 = Debug|x86
		Release|Any CPU = Release|Any CPU
		Release|x86 = Release|x86
	EndGlobalSection
	GlobalSection(ProjectConfigurationPlatforms) = postSolution
		{D2F64ACD-1FA7-459E-B868-BFE6CE3FCB18}.Debug|Any CPU.ActiveCfg = Debug|Any CPU
		{D2F64ACD-1FA7-459E-B868-BFE6CE3FCB18}.Debug|Any CPU.Build.0 = Debug|Any CPU
		{D2F64ACD-1FA7-459E-B868-BFE6CE3FCB18}.Debug|x86.ActiveCfg = Debug|Any CPU
		{D2F64ACD-1FA7-459E-B868-BFE6CE3FCB18}.Debug|x86.Build.0 = Debug|Any CPU
		{D2F64ACD-1FA7-459E-B868-BFE6CE3FCB18}.Release|Any CPU.ActiveCfg = Release|Any CPU
		{D2F64ACD-1FA7-459E-B868-BFE6CE3FCB18}.Release|Any CPU.Build.0 = Release|Any CPU
		{D2F64ACD-1FA7-459E-B868-BFE6CE3FCB18}.Release|x86.ActiveCfg = Release|Any CPU
		{D2F64ACD-1FA7-459E-B868-BFE6CE3FCB18}.Release|x86.Build.0 = Release|Any CPU
		{87111EF8-0C85-43BA-BF15-A125D08E6FA9}.Debug|Any CPU.ActiveCfg = Debug|Any CPU
		{87111EF8-0C85-43BA-BF15-A125D08E6FA9}.Debug|Any CPU.Build.0 = Debug|Any CPU
		{87111EF8-0C85-43BA-BF15-A125D08E6FA9}.Debug|x86.ActiveCfg = Debug|Any CPU
		{87111EF8-0C85-43BA-BF15-A125D08E6FA9}.Debug|x86.Build.0 = Debug|Any CPU
		{87111EF8-0C85-43BA-BF15-A125D08E6FA9}.Release|Any CPU.ActiveCfg = Release|Any CPU
		{87111EF8-0C85-43BA-BF15-A125D08E6FA9}.Release|Any CPU.Build.0 = Release|Any CPU
		{87111EF8-0C85-43BA-BF15-A125D08E6FA9}.Release|x86.ActiveCfg = Release|Any CPU
		{87111EF8-0C85-43BA-BF15-A125D08E6FA9}.Release|x86.Build.0 = Release|Any CPU
	EndGlobalSection
	GlobalSection(SolutionProperties) = preSolution
		HideSolutionNode = FALSE
	EndGlobalSection
	GlobalSection(ExtensibilityGlobals) = postSolution
		SolutionGuid = {C5F0E1F0-9A65-47E2-8FAA-A54EFB361FC8}
	EndGlobalSection
EndGlobal
